{
  "name": "assets",
  "lockfileVersion": 3,
  "requires": true,
  "packages": {
    "": {
      "dependencies": {
        "trix": "^2.1.8"
      }
    },
    "node_modules/trix": {
      "version": "2.1.8",
      "resolved": "https://registry.npmjs.org/trix/-/trix-2.1.8.tgz",
      "integrity": "sha512-y1h5mKQcjMsZDsUOqOgyIUfw+Z31u4Fe9JqXtKGUzIC7FM9cTpxZFFWxQggwXBo18ccIKYx1Fn9toVO5mCpn9g=="
    }
  }
}
